
Microsoft Visual Studio Solution File, Format Version 12.00
# Visual Studio Version 16
VisualStudioVersion = 16.0.31624.102
MinimumVisualStudioVersion = 10.0.40219.1
Project("{9A19103F-16F7-4668-BE54-9A1E7A4F7556}") = "Пример 1", "Пример 1\Пример 1.csproj", "{8BB2A5A4-0826-4DC3-B8D2-8B4DF4786AB4}"
EndProject
Project("{FAE04EC0-301F-11D3-BF4B-00C04F79EFBC}") = "Пример 2", "Пример 2\Пример 2.csproj", "{5A066483-7FD4-4015-8E21-3F5722795DF5}"
EndProject
Project("{FAE04EC0-301F-11D3-BF4B-00C04F79EFBC}") = "Пример 3", "Пример 3\Пример 3.csproj", "{6ABDE5A2-9BE6-4008-B453-94FFD3FEF382}"
EndProject
Project("{FAE04EC0-301F-11D3-BF4B-00C04F79EFBC}") = "Пример 4", "Пример 4\Пример 4.csproj", "{1467B591-DE31-48A9-95CA-AACEB17A8237}"
EndProject
Project("{FAE04EC0-301F-11D3-BF4B-00C04F79EFBC}") = "Пример 5", "Пример 5\Пример 5.csproj", "{4C5F83CA-474A-47ED-B438-DC52A9B527E1}"
EndProject
Project("{FAE04EC0-301F-11D3-BF4B-00C04F79EFBC}") = "Пример 6", "Пример 6\Пример 6.csproj", "{43A7AD13-E97A-43EE-A72A-A6935C8921DB}"
EndProject
Project("{FAE04EC0-301F-11D3-BF4B-00C04F79EFBC}") = "Пример 7", "Пример 7\Пример 7.csproj", "{236D2C73-9CF0-49C9-B60B-FC46708E658C}"
EndProject
Project("{FAE04EC0-301F-11D3-BF4B-00C04F79EFBC}") = "Пример 8", "Пример 8\Пример 8.csproj", "{2E8376F1-36B1-4848-A050-8DB9796FA6EB}"
EndProject
Project("{FAE04EC0-301F-11D3-BF4B-00C04F79EFBC}") = "Задача №7", "Задача №7\Задача №7.csproj", "{6F338CC5-6CF3-4B8C-8358-DF82FA5E904E}"
EndProject
Project("{2150E333-8FDC-42A3-9474-1A3956D46DE8}") = "Примеры", "Примеры", "{7D1B18AC-2A63-4A6A-892E-E71B64C8D50F}"
EndProject
Global
	GlobalSection(SolutionConfigurationPlatforms) = preSolution
		Debug|Any CPU = Debug|Any CPU
		Release|Any CPU = Release|Any CPU
	EndGlobalSection
	GlobalSection(ProjectConfigurationPlatforms) = postSolution
		{8BB2A5A4-0826-4DC3-B8D2-8B4DF4786AB4}.Debug|Any CPU.ActiveCfg = Debug|Any CPU
		{8BB2A5A4-0826-4DC3-B8D2-8B4DF4786AB4}.Debug|Any CPU.Build.0 = Debug|Any CPU
		{8BB2A5A4-0826-4DC3-B8D2-8B4DF4786AB4}.Release|Any CPU.ActiveCfg = Release|Any CPU
		{8BB2A5A4-0826-4DC3-B8D2-8B4DF4786AB4}.Release|Any CPU.Build.0 = Release|Any CPU
		{5A066483-7FD4-4015-8E21-3F5722795DF5}.Debug|Any CPU.ActiveCfg = Debug|Any CPU
		{5A066483-7FD4-4015-8E21-3F5722795DF5}.Debug|Any CPU.Build.0 = Debug|Any CPU
		{5A066483-7FD4-4015-8E21-3F5722795DF5}.Release|Any CPU.ActiveCfg = Release|Any CPU
		{5A066483-7FD4-4015-8E21-3F5722795DF5}.Release|Any CPU.Build.0 = Release|Any CPU
		{6ABDE5A2-9BE6-4008-B453-94FFD3FEF382}.Debug|Any CPU.ActiveCfg = Debug|Any CPU
		{6ABDE5A2-9BE6-4008-B453-94FFD3FEF382}.Debug|Any CPU.Build.0 = Debug|Any CPU
		{6ABDE5A2-9BE6-4008-B453-94FFD3FEF382}.Release|Any CPU.ActiveCfg = Release|Any CPU
		{6ABDE5A2-9BE6-4008-B453-94FFD3FEF382}.Release|Any CPU.Build.0 = Release|Any CPU
		{1467B591-DE31-48A9-95CA-AACEB17A8237}.Debug|Any CPU.ActiveCfg = Debug|Any CPU
		{1467B591-DE31-48A9-95CA-AACEB17A8237}.Debug|Any CPU.Build.0 = Debug|Any CPU
		{1467B591-DE31-48A9-95CA-AACEB17A8237}.Release|Any CPU.ActiveCfg = Release|Any CPU
		{1467B591-DE31-48A9-95CA-AACEB17A8237}.Release|Any CPU.Build.0 = Release|Any CPU
		{4C5F83CA-474A-47ED-B438-DC52A9B527E1}.Debug|Any CPU.ActiveCfg = Debug|Any CPU
		{4C5F83CA-474A-47ED-B438-DC52A9B527E1}.Debug|Any CPU.Build.0 = Debug|Any CPU
		{4C5F83CA-474A-47ED-B438-DC52A9B527E1}.Release|Any CPU.ActiveCfg = Release|Any CPU
		{4C5F83CA-474A-47ED-B438-DC52A9B527E1}.Release|Any CPU.Build.0 = Release|Any CPU
		{43A7AD13-E97A-43EE-A72A-A6935C8921DB}.Debug|Any CPU.ActiveCfg = Debug|Any CPU
		{43A7AD13-E97A-43EE-A72A-A6935C8921DB}.Debug|Any CPU.Build.0 = Debug|Any CPU
		{43A7AD13-E97A-43EE-A72A-A6935C8921DB}.Release|Any CPU.ActiveCfg = Release|Any CPU
		{43A7AD13-E97A-43EE-A72A-A6935C8921DB}.Release|Any CPU.Build.0 = Release|Any CPU
		{236D2C73-9CF0-49C9-B60B-FC46708E658C}.Debug|Any CPU.ActiveCfg = Debug|Any CPU
		{236D2C73-9CF0-49C9-B60B-FC46708E658C}.Debug|Any CPU.Build.0 = Debug|Any CPU
		{236D2C73-9CF0-49C9-B60B-FC46708E658C}.Release|Any CPU.ActiveCfg = Release|Any CPU
		{236D2C73-9CF0-49C9-B60B-FC46708E658C}.Release|Any CPU.Build.0 = Release|Any CPU
		{2E8376F1-36B1-4848-A050-8DB9796FA6EB}.Debug|Any CPU.ActiveCfg = Debug|Any CPU
		{2E8376F1-36B1-4848-A050-8DB9796FA6EB}.Debug|Any CPU.Build.0 = Debug|Any CPU
		{2E8376F1-36B1-4848-A050-8DB9796FA6EB}.Release|Any CPU.ActiveCfg = Release|Any CPU
		{2E8376F1-36B1-4848-A050-8DB9796FA6EB}.Release|Any CPU.Build.0 = Release|Any CPU
		{6F338CC5-6CF3-4B8C-8358-DF82FA5E904E}.Debug|Any CPU.ActiveCfg = Debug|Any CPU
		{6F338CC5-6CF3-4B8C-8358-DF82FA5E904E}.Debug|Any CPU.Build.0 = Debug|Any CPU
		{6F338CC5-6CF3-4B8C-8358-DF82FA5E904E}.Release|Any CPU.ActiveCfg = Release|Any CPU
		{6F338CC5-6CF3-4B8C-8358-DF82FA5E904E}.Release|Any CPU.Build.0 = Release|Any CPU
	EndGlobalSection
	GlobalSection(SolutionProperties) = preSolution
		HideSolutionNode = FALSE
	EndGlobalSection
	GlobalSection(NestedProjects) = preSolution
		{8BB2A5A4-0826-4DC3-B8D2-8B4DF4786AB4} = {7D1B18AC-2A63-4A6A-892E-E71B64C8D50F}
		{5A066483-7FD4-4015-8E21-3F5722795DF5} = {7D1B18AC-2A63-4A6A-892E-E71B64C8D50F}
		{6ABDE5A2-9BE6-4008-B453-94FFD3FEF382} = {7D1B18AC-2A63-4A6A-892E-E71B64C8D50F}
		{1467B591-DE31-48A9-95CA-AACEB17A8237} = {7D1B18AC-2A63-4A6A-892E-E71B64C8D50F}
		{4C5F83CA-474A-47ED-B438-DC52A9B527E1} = {7D1B18AC-2A63-4A6A-892E-E71B64C8D50F}
		{43A7AD13-E97A-43EE-A72A-A6935C8921DB} = {7D1B18AC-2A63-4A6A-892E-E71B64C8D50F}
		{236D2C73-9CF0-49C9-B60B-FC46708E658C} = {7D1B18AC-2A63-4A6A-892E-E71B64C8D50F}
		{2E8376F1-36B1-4848-A050-8DB9796FA6EB} = {7D1B18AC-2A63-4A6A-892E-E71B64C8D50F}
	EndGlobalSection
	GlobalSection(ExtensibilityGlobals) = postSolution
		SolutionGuid = {C99D4203-8404-44AE-90DC-A35C99862575}
	EndGlobalSection
EndGlobal
